
Microsoft Visual Studio Solution File, Format Version 12.00
# Visual Studio Version 17
VisualStudioVersion = 17.7.34024.191
MinimumVisualStudioVersion = 10.0.40219.1
Project("{FAE04EC0-301F-11D3-BF4B-00C04F79EFBC}") = "PolitechFalkovskiyD.DAL", "PolitechFalkovskiyD.DAL\PolitechFalkovskiyD.DAL.csproj", "{09EE8212-5FFB-449D-BACB-9C4592865B50}"
EndProject
Project("{FAE04EC0-301F-11D3-BF4B-00C04F79EFBC}") = "PolitechFalkovskiyD.Online.View", "PolitechFalkovskiyD.Online.View\PolitechFalkovskiyD.Online.View.csproj", "{9AA8B599-E1A8-4FE3-996E-0E5D55AB8DE3}"
EndProject
Project("{FAE04EC0-301F-11D3-BF4B-00C04F79EFBC}") = "PolitechFalkovskiyD.BLL", "PolitechFalkoskiy.BLL\PolitechFalkovskiyD.BLL.csproj", "{6BEE7229-35FD-4FF0-830B-B20A1FEF7453}"
EndProject
Project("{FAE04EC0-301F-11D3-BF4B-00C04F79EFBC}") = "PolitechFalkovskiyD.WpfApp", "PolitechFalkovskiyD.WpfApp\PolitechFalkovskiyD.WpfApp.csproj", "{7BD3EE15-6781-4E6D-96D8-D378A8E704A9}"
EndProject
Global
	GlobalSection(SolutionConfigurationPlatforms) = preSolution
		Debug|Any CPU = Debug|Any CPU
		Release|Any CPU = Release|Any CPU
	EndGlobalSection
	GlobalSection(ProjectConfigurationPlatforms) = postSolution
		{09EE8212-5FFB-449D-BACB-9C4592865B50}.Debug|Any CPU.ActiveCfg = Debug|Any CPU
		{09EE8212-5FFB-449D-BACB-9C4592865B50}.Debug|Any CPU.Build.0 = Debug|Any CPU
		{09EE8212-5FFB-449D-BACB-9C4592865B50}.Release|Any CPU.ActiveCfg = Release|Any CPU
		{09EE8212-5FFB-449D-BACB-9C4592865B50}.Release|Any CPU.Build.0 = Release|Any CPU
		{9AA8B599-E1A8-4FE3-996E-0E5D55AB8DE3}.Debug|Any CPU.ActiveCfg = Debug|Any CPU
		{9AA8B599-E1A8-4FE3-996E-0E5D55AB8DE3}.Debug|Any CPU.Build.0 = Debug|Any CPU
		{9AA8B599-E1A8-4FE3-996E-0E5D55AB8DE3}.Release|Any CPU.ActiveCfg = Release|Any CPU
		{9AA8B599-E1A8-4FE3-996E-0E5D55AB8DE3}.Release|Any CPU.Build.0 = Release|Any CPU
		{6BEE7229-35FD-4FF0-830B-B20A1FEF7453}.Debug|Any CPU.ActiveCfg = Debug|Any CPU
		{6BEE7229-35FD-4FF0-830B-B20A1FEF7453}.Debug|Any CPU.Build.0 = Debug|Any CPU
		{6BEE7229-35FD-4FF0-830B-B20A1FEF7453}.Release|Any CPU.ActiveCfg = Release|Any CPU
		{6BEE7229-35FD-4FF0-830B-B20A1FEF7453}.Release|Any CPU.Build.0 = Release|Any CPU
		{7BD3EE15-6781-4E6D-96D8-D378A8E704A9}.Debug|Any CPU.ActiveCfg = Debug|Any CPU
		{7BD3EE15-6781-4E6D-96D8-D378A8E704A9}.Debug|Any CPU.Build.0 = Debug|Any CPU
		{7BD3EE15-6781-4E6D-96D8-D378A8E704A9}.Release|Any CPU.ActiveCfg = Release|Any CPU
		{7BD3EE15-6781-4E6D-96D8-D378A8E704A9}.Release|Any CPU.Build.0 = Release|Any CPU
	EndGlobalSection
	GlobalSection(SolutionProperties) = preSolution
		HideSolutionNode = FALSE
	EndGlobalSection
	GlobalSection(ExtensibilityGlobals) = postSolution
		SolutionGuid = {703E6298-A198-443F-B2B3-2687215C166C}
	EndGlobalSection
EndGlobal
